
Microsoft Visual Studio Solution File, Format Version 12.00
Project("{FAE04EC0-301F-11D3-BF4B-00C04F79EFBC}") = "Configuration.Provider.Docker.Secrets", "Configuration.Provider.Docker.Secrets\Configuration.Provider.Docker.Secrets.csproj", "{81D73F2D-049B-4199-BE90-0265953E58AE}"
EndProject
Project("{FAE04EC0-301F-11D3-BF4B-00C04F79EFBC}") = "Configuration.Provider.Docker.Secrets.Tests", "Configuration.Provider.Docker.Secrets.Tests\Configuration.Provider.Docker.Secrets.Tests.csproj", "{F2B619B9-F699-4E70-B34D-EAEE7D120A14}"
EndProject
Global
	GlobalSection(SolutionConfigurationPlatforms) = preSolution
		Debug|Any CPU = Debug|Any CPU
		Release|Any CPU = Release|Any CPU
	EndGlobalSection
	GlobalSection(ProjectConfigurationPlatforms) = postSolution
		{81D73F2D-049B-4199-BE90-0265953E58AE}.Debug|Any CPU.ActiveCfg = Debug|Any CPU
		{81D73F2D-049B-4199-BE90-0265953E58AE}.Debug|Any CPU.Build.0 = Debug|Any CPU
		{81D73F2D-049B-4199-BE90-0265953E58AE}.Release|Any CPU.ActiveCfg = Release|Any CPU
		{81D73F2D-049B-4199-BE90-0265953E58AE}.Release|Any CPU.Build.0 = Release|Any CPU
		{F2B619B9-F699-4E70-B34D-EAEE7D120A14}.Debug|Any CPU.ActiveCfg = Debug|Any CPU
		{F2B619B9-F699-4E70-B34D-EAEE7D120A14}.Debug|Any CPU.Build.0 = Debug|Any CPU
		{F2B619B9-F699-4E70-B34D-EAEE7D120A14}.Release|Any CPU.ActiveCfg = Release|Any CPU
		{F2B619B9-F699-4E70-B34D-EAEE7D120A14}.Release|Any CPU.Build.0 = Release|Any CPU
	EndGlobalSection
EndGlobal
